<?xml version="1.0" encoding="utf-8"?>
<Project ToolsVersion="4.0" xmlns="http://schemas.microsoft.com/developer/msbuild/2003">
  <ItemGroup>
    <ClCompile Include="Render\Camera.cpp">
      <Filter>_Base\Render</Filter>
    </ClCompile>
    <ClCompile Include="Render\Render.cpp">
      <Filter>_Base\Render</Filter>
    </ClCompile>
    <ClCompile Include="main.cpp" />
    <ClCompile Include="callbacks.cpp">
      <Filter>_Base</Filter>
    </ClCompile>
    <ClCompile Include="RenderUtils.cpp">
      <Filter>_Base</Filter>
    </ClCompile>
    <ClCompile Include="ExplosionGenerator.cpp">
      <Filter>Sources</Filter>
    </ClCompile>
    <ClCompile Include="Firework.cpp">
      <Filter>Sources</Filter>
    </ClCompile>
    <ClCompile Include="Particle.cpp">
      <Filter>Sources</Filter>
    </ClCompile>
    <ClCompile Include="ParticleAnchoredSpring.cpp">
      <Filter>Sources</Filter>
    </ClCompile>
    <ClCompile Include="ParticleBungie.cpp">
      <Filter>Sources</Filter>
    </ClCompile>
    <ClCompile Include="ParticleBuoyancy.cpp">
      <Filter>Sources</Filter>
    </ClCompile>
    <ClCompile Include="ParticleCable.cpp">
      <Filter>Sources</Filter>
    </ClCompile>
    <ClCompile Include="ParticleContact.cpp">
      <Filter>Sources</Filter>
    </ClCompile>
    <ClCompile Include="ParticleContactManager.cpp">
      <Filter>Sources</Filter>
    </ClCompile>
    <ClCompile Include="ParticleDrag.cpp">
      <Filter>Sources</Filter>
    </ClCompile>
    <ClCompile Include="ParticleForceGenerator.cpp">
      <Filter>Sources</Filter>
    </ClCompile>
    <ClCompile Include="ParticleForceRegistry.cpp">
      <Filter>Sources</Filter>
    </ClCompile>
    <ClCompile Include="ParticleGenerator.cpp">
      <Filter>Sources</Filter>
    </ClCompile>
    <ClCompile Include="ParticleGravity.cpp">
      <Filter>Sources</Filter>
    </ClCompile>
    <ClCompile Include="ParticleLink.cpp">
      <Filter>Sources</Filter>
    </ClCompile>
    <ClCompile Include="ParticleRod.cpp">
      <Filter>Sources</Filter>
    </ClCompile>
    <ClCompile Include="ParticleSpring.cpp">
      <Filter>Sources</Filter>
    </ClCompile>
    <ClCompile Include="PxGenerator.cpp">
      <Filter>Sources</Filter>
    </ClCompile>
    <ClCompile Include="WindGenerator.cpp">
      <Filter>Sources</Filter>
    </ClCompile>
    <ClCompile Include="Resources.cpp">
      <Filter>_SDL\Sources</Filter>
    </ClCompile>
    <ClCompile Include="SDLAudioManager.cpp">
      <Filter>_SDL\Sources</Filter>
    </ClCompile>
    <ClCompile Include="AudioManager.cpp">
      <Filter>_SDL\Sources</Filter>
    </ClCompile>
    <ClCompile Include="RandomNumberGenerator.cpp">
      <Filter>_SDL\Sources</Filter>
    </ClCompile>
    <ClCompile Include="ServiceLocator.cpp">
      <Filter>_SDL\Sources</Filter>
    </ClCompile>
    <ClCompile Include="SRandBasedGenerator.cpp">
      <Filter>_SDL\Sources</Filter>
    </ClCompile>
    <ClCompile Include="Player.cpp">
      <Filter>FinalGame\Sources</Filter>
    </ClCompile>
    <ClCompile Include="Asteroid.cpp" />
    <ClCompile Include="AttachForceGenerator.cpp">
      <Filter>FinalGame\Sources</Filter>
    </ClCompile>
    <ClCompile Include="Star.cpp">
      <Filter>FinalGame\Sources</Filter>
    </ClCompile>
    <ClCompile Include="Planet.cpp">
      <Filter>FinalGame\Sources</Filter>
    </ClCompile>
    <ClCompile Include="FuelBox.cpp" />
  </ItemGroup>
  <ItemGroup>
    <ClInclude Include="Render\Camera.h">
      <Filter>_Base\Render</Filter>
    </ClInclude>
    <ClInclude Include="Render\Render.h">
      <Filter>_Base\Render</Filter>
    </ClInclude>
    <ClInclude Include="callbacks.hpp">
      <Filter>_Base</Filter>
    </ClInclude>
    <ClInclude Include="core.hpp">
      <Filter>_Base</Filter>
    </ClInclude>
    <ClInclude Include="Firework.h">
      <Filter>Headers</Filter>
    </ClInclude>
    <ClInclude Include="ExplosionGenerator.h">
      <Filter>Headers</Filter>
    </ClInclude>
    <ClInclude Include="Particle.h">
      <Filter>Headers</Filter>
    </ClInclude>
    <ClInclude Include="ParticleAnchoredSpring.h">
      <Filter>Headers</Filter>
    </ClInclude>
    <ClInclude Include="ParticleBungie.h">
      <Filter>Headers</Filter>
    </ClInclude>
    <ClInclude Include="ParticleBuoyancy.h">
      <Filter>Headers</Filter>
    </ClInclude>
    <ClInclude Include="ParticleCable.h">
      <Filter>Headers</Filter>
    </ClInclude>
    <ClInclude Include="ParticleContact.h">
      <Filter>Headers</Filter>
    </ClInclude>
    <ClInclude Include="ParticleContactManager.h">
      <Filter>Headers</Filter>
    </ClInclude>
    <ClInclude Include="ParticleDrag.h">
      <Filter>Headers</Filter>
    </ClInclude>
    <ClInclude Include="ParticleForceGenerator.h">
      <Filter>Headers</Filter>
    </ClInclude>
    <ClInclude Include="ParticleForceRegistry.h">
      <Filter>Headers</Filter>
    </ClInclude>
    <ClInclude Include="ParticleGenerator.h">
      <Filter>Headers</Filter>
    </ClInclude>
    <ClInclude Include="ParticleGravity.h">
      <Filter>Headers</Filter>
    </ClInclude>
    <ClInclude Include="ParticleLink.h">
      <Filter>Headers</Filter>
    </ClInclude>
    <ClInclude Include="ParticleRod.h">
      <Filter>Headers</Filter>
    </ClInclude>
    <ClInclude Include="ParticleSpring.h">
      <Filter>Headers</Filter>
    </ClInclude>
    <ClInclude Include="PxGenerator.h">
      <Filter>Headers</Filter>
    </ClInclude>
    <ClInclude Include="WindGenerator.h">
      <Filter>Headers</Filter>
    </ClInclude>
    <ClInclude Include="RenderUtils.hpp">
      <Filter>_Base</Filter>
    </ClInclude>
    <ClInclude Include="AudioManager.h">
      <Filter>_SDL\Headers</Filter>
    </ClInclude>
    <ClInclude Include="Resources.h">
      <Filter>_SDL\Headers</Filter>
    </ClInclude>
    <ClInclude Include="RandomNumberGenerator.h">
      <Filter>_SDL\Headers</Filter>
    </ClInclude>
    <ClInclude Include="SDLAudioManager.h">
      <Filter>_SDL\Headers</Filter>
    </ClInclude>
    <ClInclude Include="ServiceLocator.h">
      <Filter>_SDL\Headers</Filter>
    </ClInclude>
    <ClInclude Include="SRandBasedGenerator.h">
      <Filter>_SDL\Headers</Filter>
    </ClInclude>
    <ClInclude Include="sdl_includes.h">
      <Filter>_SDL\Headers</Filter>
    </ClInclude>
    <ClInclude Include="Player.h">
      <Filter>FinalGame\Headers</Filter>
    </ClInclude>
    <ClInclude Include="Asteroid.h" />
    <ClInclude Include="AttachForceGenerator.h">
      <Filter>FinalGame\Headers</Filter>
    </ClInclude>
    <ClInclude Include="Star.h">
      <Filter>FinalGame\Headers</Filter>
    </ClInclude>
    <ClInclude Include="Planet.h">
      <Filter>FinalGame\Headers</Filter>
    </ClInclude>
    <ClInclude Include="FuelBox.h" />
  </ItemGroup>
  <ItemGroup>
    <Filter Include="Headers">
      <UniqueIdentifier>{13b0b2f3-fe05-4178-9e6d-16e156949fca}</UniqueIdentifier>
    </Filter>
    <Filter Include="Sources">
      <UniqueIdentifier>{2e0a4436-5eab-4472-8025-4c2778a0a6cb}</UniqueIdentifier>
    </Filter>
    <Filter Include="_SDL">
      <UniqueIdentifier>{a5eccaf3-85b9-4430-8fc4-2f66bc4dd4a2}</UniqueIdentifier>
    </Filter>
    <Filter Include="_Base">
      <UniqueIdentifier>{9ae9abe4-db60-44dd-b7b0-73167f6579a2}</UniqueIdentifier>
    </Filter>
    <Filter Include="_Base\Render">
      <UniqueIdentifier>{d04b4f9f-5a69-465e-8070-25c6d0bcd3c2}</UniqueIdentifier>
    </Filter>
    <Filter Include="_SDL\Headers">
      <UniqueIdentifier>{fb69d2c8-7a78-4b47-a78b-5186bb434532}</UniqueIdentifier>
    </Filter>
    <Filter Include="_SDL\Sources">
      <UniqueIdentifier>{21cb373e-cdf6-4a1a-a2ce-7c7b2d49af7e}</UniqueIdentifier>
    </Filter>
    <Filter Include="FinalGame">
      <UniqueIdentifier>{dc05b3c7-7da9-4a10-8f6b-760e9be8cd82}</UniqueIdentifier>
    </Filter>
    <Filter Include="FinalGame\Headers">
      <UniqueIdentifier>{3ec24994-bf92-42b7-98fe-6621ce1f8a5c}</UniqueIdentifier>
    </Filter>
    <Filter Include="FinalGame\Sources">
      <UniqueIdentifier>{ce9b2929-59d0-49c9-8468-6000c62934e6}</UniqueIdentifier>
    </Filter>
  </ItemGroup>
</Project>